// !$*UTF8*$!
{
	archiveVersion = 1;
	classes = {
	};
	objectVersion = 50;
	objects = {

/* Begin PBXBuildFile section */
		87A2628F23C3BA9200A2CB2E /* AppDelegate.swift in Sources */ = {isa = PBXBuildFile; fileRef = 87A2628E23C3BA9200A2CB2E /* AppDelegate.swift */; };
		87A2629123C3BA9200A2CB2E /* SceneDelegate.swift in Sources */ = {isa = PBXBuildFile; fileRef = 87A2629023C3BA9200A2CB2E /* SceneDelegate.swift */; };
		87A2629323C3BA9200A2CB2E /* ViewController.swift in Sources */ = {isa = PBXBuildFile; fileRef = 87A2629223C3BA9200A2CB2E /* ViewController.swift */; };
		87A2629623C3BA9200A2CB2E /* Main.storyboard in Resources */ = {isa = PBXBuildFile; fileRef = 87A2629423C3BA9200A2CB2E /* Main.storyboard */; };
		87A2629823C3BA9400A2CB2E /* Assets.xcassets in Resources */ = {isa = PBXBuildFile; fileRef = 87A2629723C3BA9400A2CB2E /* Assets.xcassets */; };
		87A2629B23C3BA9400A2CB2E /* LaunchScreen.storyboard in Resources */ = {isa = PBXBuildFile; fileRef = 87A2629923C3BA9400A2CB2E /* LaunchScreen.storyboard */; };
/* End PBXBuildFile section */

/* Begin PBXFileReference section */
		87A2628B23C3BA9200A2CB2E /* AttributedList.app */ = {isa = PBXFileReference; explicitFileType = wrapper.application; includeInIndex = 0; path = AttributedList.app; sourceTree = BUILT_PRODUCTS_DIR; };
		87A2628E23C3BA9200A2CB2E /* AppDelegate.swift */ = {isa = PBXFileReference; lastKnownFileType = sourcecode.swift; path = AppDelegate.swift; sourceTree = "<group>"; };
		87A2629023C3BA9200A2CB2E /* SceneDelegate.swift */ = {isa = PBXFileReference; lastKnownFileType = sourcecode.swift; path = SceneDelegate.swift; sourceTree = "<group>"; };
		87A2629223C3BA9200A2CB2E /* ViewController.swift */ = {isa = PBXFileReference; lastKnownFileType = sourcecode.swift; path = ViewController.swift; sourceTree = "<group>"; };
		87A2629523C3BA9200A2CB2E /* Base */ = {isa = PBXFileReference; lastKnownFileType = file.storyboard; name = Base; path = Base.lproj/Main.storyboard; sourceTree = "<group>"; };
		87A2629723C3BA9400A2CB2E /* Assets.xcassets */ = {isa = PBXFileReference; lastKnownFileType = folder.assetcatalog; path = Assets.xcassets; sourceTree = "<group>"; };
		87A2629A23C3BA9400A2CB2E /* Base */ = {isa = PBXFileReference; lastKnownFileType = file.storyboard; name = Base; path = Base.lproj/LaunchScreen.storyboard; sourceTree = "<group>"; };
		87A2629C23C3BA9400A2CB2E /* Info.plist */ = {isa = PBXFileReference; lastKnownFileType = text.plist.xml; path = Info.plist; sourceTree = "<group>"; };
/* End PBXFileReference section */

/* Begin PBXFrameworksBuildPhase section */
		87A2628823C3BA9200A2CB2E /* Frameworks */ = {
			isa = PBXFrameworksBuildPhase;
			buildActionMask = 2147483647;
			files = (
			);
			runOnlyForDeploymentPostprocessing = 0;
		};
/* End PBXFrameworksBuildPhase section */

/* Begin PBXGroup section */
		87A2628223C3BA9200A2CB2E = {
			isa = PBXGroup;
			children = (
				87A2628D23C3BA9200A2CB2E /* AttributedList */,
				87A2628C23C3BA9200A2CB2E /* Products */,
			);
			sourceTree = "<group>";
		};
		87A2628C23C3BA9200A2CB2E /* Products */ = {
			isa = PBXGroup;
			children = (
				87A2628B23C3BA9200A2CB2E /* AttributedList.app */,
			);
			name = Products;
			sourceTree = "<group>";
		};
		87A2628D23C3BA9200A2CB2E /* AttributedList */ = {
			isa = PBXGroup;
			children = (
				87A2628E23C3BA9200A2CB2E /* AppDelegate.swift */,
				87A2629023C3BA9200A2CB2E /* SceneDelegate.swift */,
				87A2629223C3BA9200A2CB2E /* ViewController.swift */,
				87A2629423C3BA9200A2CB2E /* Main.storyboard */,
				87A2629723C3BA9400A2CB2E /* Assets.xcassets */,
				87A2629923C3BA9400A2CB2E /* LaunchScreen.storyboard */,
				87A2629C23C3BA9400A2CB2E /* Info.plist */,
			);
			path = AttributedList;
			sourceTree = "<group>";
		};
/* End PBXGroup section */

/* Begin PBXNativeTarget section */
		87A2628A23C3BA9200A2CB2E /* AttributedList */ = {
			isa = PBXNativeTarget;
			buildConfigurationList = 87A2629F23C3BA9400A2CB2E /* Build configuration list for PBXNativeTarget "AttributedList" */;
			buildPhases = (
				87A2628723C3BA9200A2CB2E /* Sources */,
				87A2628823C3BA9200A2CB2E /* Frameworks */,
				87A2628923C3BA9200A2CB2E /* Resources */,
			);
			buildRules = (
			);
			dependencies = (
			);
			name = AttributedList;
			productName = AttributedList;
			productReference = 87A2628B23C3BA9200A2CB2E /* AttributedList.app */;
			productType = "com.apple.product-type.application";
		};
/* End PBXNativeTarget section */

/* Begin PBXProject section */
		87A2628323C3BA9200A2CB2E /* Project object */ = {
			isa = PBXProject;
			attributes = {
				LastSwiftUpdateCheck = 1130;
				LastUpgradeCheck = 1130;
				ORGANIZATIONNAME = "Jeffrey Schroeder";
				TargetAttributes = {
					87A2628A23C3BA9200A2CB2E = {
						CreatedOnToolsVersion = 11.3;
					};
				};
			};
			buildConfigurationList = 87A2628623C3BA9200A2CB2E /* Build configuration list for PBXProject "AttributedList" */;
			compatibilityVersion = "Xcode 9.3";
			developmentRegion = en;
			hasScannedForEncodings = 0;
			knownRegions = (
				en,
				Base,
			);
			mainGroup = 87A2628223C3BA9200A2CB2E;
			productRefGroup = 87A2628C23C3BA9200A2CB2E /* Products */;
			projectDirPath = "";
			projectRoot = "";
			targets = (
				87A2628A23C3BA9200A2CB2E /* AttributedList */,
			);
		};
/* End PBXProject section */

/* Begin PBXResourcesBuildPhase section */
		87A2628923C3BA9200A2CB2E /* Resources */ = {
			isa = PBXResourcesBuildPhase;
			buildActionMask = 2147483647;
			files = (
				87A2629B23C3BA9400A2CB2E /* LaunchScreen.storyboard in Resources */,
				87A2629823C3BA9400A2CB2E /* Assets.xcassets in Resources */,
				87A2629623C3BA9200A2CB2E /* Main.storyboard in Resources */,
			);
			runOnlyForDeploymentPostprocessing = 0;
		};
/* End PBXResourcesBuildPhase section */

/* Begin PBXSourcesBuildPhase section */
		87A2628723C3BA9200A2CB2E /* Sources */ = {
			isa = PBXSourcesBuildPhase;
			buildActionMask = 2147483647;
			files = (
				87A2629323C3BA9200A2CB2E /* ViewController.swift in Sources */,
				87A2628F23C3BA9200A2CB2E /* AppDelegate.swift in Sources */,
				87A2629123C3BA9200A2CB2E /* SceneDelegate.swift in Sources */,
			);
			runOnlyForDeploymentPostprocessing = 0;
		};
/* End PBXSourcesBuildPhase section */

/* Begin PBXVariantGroup section */
		87A2629423C3BA9200A2CB2E /* Main.storyboard */ = {
			isa = PBXVariantGroup;
			children = (
				87A2629523C3BA9200A2CB2E /* Base */,
			);
			name = Main.storyboard;
			sourceTree = "<group>";
		};
		87A2629923C3BA9400A2CB2E /* LaunchScreen.storyboard */ = {
			isa = PBXVariantGroup;
			children = (
				87A2629A23C3BA9400A2CB2E /* Base */,
			);
			name = LaunchScreen.storyboard;
			sourceTree = "<group>";
		};
/* End PBXVariantGroup section */

/* Begin XCBuildConfiguration section */
		87A2629D23C3BA9400A2CB2E /* Debug */ = {
			isa = XCBuildConfiguration;
			buildSettings = {
				ALWAYS_SEARCH_USER_PATHS = NO;
				CLANG_ANALYZER_NONNULL = YES;
				CLANG_ANALYZER_NUMBER_OBJECT_CONVERSION = YES_AGGRESSIVE;
				CLANG_CXX_LANGUAGE_STANDARD = "gnu++14";
				CLANG_CXX_LIBRARY = "libc++";
				CLANG_ENABLE_MODULES = YES;
				CLANG_ENABLE_OBJC_ARC = YES;
				CLANG_ENABLE_OBJC_WEAK = YES;
				CLANG_WARN_BLOCK_CAPTURE_AUTORELEASING = YES;
				CLANG_WARN_BOOL_CONVERSION = YES;
				CLANG_WARN_COMMA = YES;
				CLANG_WARN_CONSTANT_CONVERSION = YES;
				CLANG_WARN_DEPRECATED_OBJC_IMPLEMENTATIONS = YES;
				CLANG_WARN_DIRECT_OBJC_ISA_USAGE = YES_ERROR;
				CLANG_WARN_DOCUMENTATION_COMMENTS = YES;
				CLANG_WARN_EMPTY_BODY = YES;
				CLANG_WARN_ENUM_CONVERSION = YES;
				CLANG_WARN_INFINITE_RECURSION = YES;
				CLANG_WARN_INT_CONVERSION = YES;
				CLANG_WARN_NON_LITERAL_NULL_CONVERSION = YES;
				CLANG_WARN_OBJC_IMPLICIT_RETAIN_SELF = YES;
				CLANG_WARN_OBJC_LITERAL_CONVERSION = YES;
				CLANG_WARN_OBJC_ROOT_CLASS = YES_ERROR;
				CLANG_WARN_RANGE_LOOP_ANALYSIS = YES;
				CLANG_WARN_STRICT_PROTOTYPES = YES;
				CLANG_WARN_SUSPICIOUS_MOVE = YES;
				CLANG_WARN_UNGUARDED_AVAILABILITY = YES_AGGRESSIVE;
				CLANG_WARN_UNREACHABLE_CODE = YES;
				CLANG_WARN__DUPLICATE_METHOD_MATCH = YES;
				COPY_PHASE_STRIP = NO;
				DEBUG_INFORMATION_FORMAT = dwarf;
				ENABLE_STRICT_OBJC_MSGSEND = YES;
				ENABLE_TESTABILITY = YES;
				GCC_C_LANGUAGE_STANDARD = gnu11;
				GCC_DYNAMIC_NO_PIC = NO;
				GCC_NO_COMMON_BLOCKS = YES;
				GCC_OPTIMIZATION_LEVEL = 0;
				GCC_PREPROCESSOR_DEFINITIONS = (
					"DEBUG=1",
					"$(inherited)",
				);
				GCC_WARN_64_TO_32_BIT_CONVERSION = YES;
				GCC_WARN_ABOUT_RETURN_TYPE = YES_ERROR;
				GCC_WARN_UNDECLARED_SELECTOR = YES;
				GCC_WARN_UNINITIALIZED_AUTOS = YES_AGGRESSIVE;
				GCC_WARN_UNUSED_FUNCTION = YES;
				GCC_WARN_UNUSED_VARIABLE = YES;
				IPHONEOS_DEPLOYMENT_TARGET = 13.2;
				MTL_ENABLE_DEBUG_INFO = INCLUDE_SOURCE;
				MTL_FAST_MATH = YES;
				ONLY_ACTIVE_ARCH = YES;
				SDKROOT = iphoneos;
				SWIFT_ACTIVE_COMPILATION_CONDITIONS = DEBUG;
				SWIFT_OPTIMIZATION_LEVEL = "-Onone";
			};
			name = Debug;
		};
		87A2629E23C3BA9400A2CB2E /* Release */ = {
			isa = XCBuildConfiguration;
			buildSettings = {
				ALWAYS_SEARCH_USER_PATHS = NO;
				CLANG_ANALYZER_NONNULL = YES;
				CLANG_ANALYZER_NUMBER_OBJECT_CONVERSION = YES_AGGRESSIVE;
				CLANG_CXX_LANGUAGE_STANDARD = "gnu++14";
				CLANG_CXX_LIBRARY = "libc++";
				CLANG_ENABLE_MODULES = YES;
				CLANG_ENABLE_OBJC_ARC = YES;
				CLANG_ENABLE_OBJC_WEAK = YES;
				CLANG_WARN_BLOCK_CAPTURE_AUTORELEASING = YES;
				CLANG_WARN_BOOL_CONVERSION = YES;
				CLANG_WARN_COMMA = YES;
				CLANG_WARN_CONSTANT_CONVERSION = YES;
				CLANG_WARN_DEPRECATED_OBJC_IMPLEMENTATIONS = YES;
				CLANG_WARN_DIRECT_OBJC_ISA_USAGE = YES_ERROR;
				CLANG_WARN_DOCUMENTATION_COMMENTS = YES;
				CLANG_WARN_EMPTY_BODY = YES;
				CLANG_WARN_ENUM_CONVERSION = YES;
				CLANG_WARN_INFINITE_RECURSION = YES;
				CLANG_WARN_INT_CONVERSION = YES;
				CLANG_WARN_NON_LITERAL_NULL_CONVERSION = YES;
				CLANG_WARN_OBJC_IMPLICIT_RETAIN_SELF = YES;
				CLANG_WARN_OBJC_LITERAL_CONVERSION = YES;
				CLANG_WARN_OBJC_ROOT_CLASS = YES_ERROR;
				CLANG_WARN_RANGE_LOOP_ANALYSIS = YES;
				CLANG_WARN_STRICT_PROTOTYPES = YES;
				CLANG_WARN_SUSPICIOUS_MOVE = YES;
				CLANG_WARN_UNGUARDED_AVAILABILITY = YES_AGGRESSIVE;
				CLANG_WARN_UNREACHABLE_CODE = YES;
				CLANG_WARN__DUPLICATE_METHOD_MATCH = YES;
				COPY_PHASE_STRIP = NO;
				DEBUG_INFORMATION_FORMAT = "dwarf-with-dsym";
				ENABLE_NS_ASSERTIONS = NO;
				ENABLE_STRICT_OBJC_MSGSEND = YES;
				GCC_C_LANGUAGE_STANDARD = gnu11;
				GCC_NO_COMMON_BLOCKS = YES;
				GCC_WARN_64_TO_32_BIT_CONVERSION = YES;
				GCC_WARN_ABOUT_RETURN_TYPE = YES_ERROR;
				GCC_WARN_UNDECLARED_SELECTOR = YES;
				GCC_WARN_UNINITIALIZED_AUTOS = YES_AGGRESSIVE;
				GCC_WARN_UNUSED_FUNCTION = YES;
				GCC_WARN_UNUSED_VARIABLE = YES;
				IPHONEOS_DEPLOYMENT_TARGET = 13.2;
				MTL_ENABLE_DEBUG_INFO = NO;
				MTL_FAST_MATH = YES;
				SDKROOT = iphoneos;
				SWIFT_COMPILATION_MODE = wholemodule;
				SWIFT_OPTIMIZATION_LEVEL = "-O";
				VALIDATE_PRODUCT = YES;
			};
			name = Release;
		};
		87A262A023C3BA9400A2CB2E /* Debug */ = {
			isa = XCBuildConfiguration;
			buildSettings = {
				ASSETCATALOG_COMPILER_APPICON_NAME = AppIcon;
				CODE_SIGN_STYLE = Automatic;
				DEVELOPMENT_TEAM = B78V78G4EU;
				INFOPLIST_FILE = AttributedList/Info.plist;
				LD_RUNPATH_SEARCH_PATHS = (
					"$(inherited)",
					"@executable_path/Frameworks",
				);
				PRODUCT_BUNDLE_IDENTIFIER = com.xyx.AttributedList;
				PRODUCT_NAME = "$(TARGET_NAME)";
				SWIFT_VERSION = 5.0;
				TARGETED_DEVICE_FAMILY = "1,2";
			};
			name = Debug;
		};
		87A262A123C3BA9400A2CB2E /* Release */ = {
			isa = XCBuildConfiguration;
			buildSettings = {
				ASSETCATALOG_COMPILER_APPICON_NAME = AppIcon;
				CODE_SIGN_STYLE = Automatic;
				DEVELOPMENT_TEAM = B78V78G4EU;
				INFOPLIST_FILE = AttributedList/Info.plist;
				LD_RUNPATH_SEARCH_PATHS = (
					"$(inherited)",
					"@executable_path/Frameworks",
				);
				PRODUCT_BUNDLE_IDENTIFIER = com.xyx.AttributedList;
				PRODUCT_NAME = "$(TARGET_NAME)";
				SWIFT_VERSION = 5.0;
				TARGETED_DEVICE_FAMILY = "1,2";
			};
			name = Release;
		};
/* End XCBuildConfiguration section */

/* Begin XCConfigurationList section */
		87A2628623C3BA9200A2CB2E /* Build configuration list for PBXProject "AttributedList" */ = {
			isa = XCConfigurationList;
			buildConfigurations = (
				87A2629D23C3BA9400A2CB2E /* Debug */,
				87A2629E23C3BA9400A2CB2E /* Release */,
			);
			defaultConfigurationIsVisible = 0;
			defaultConfigurationName = Release;
		};
		87A2629F23C3BA9400A2CB2E /* Build configuration list for PBXNativeTarget "AttributedList" */ = {
			isa = XCConfigurationList;
			buildConfigurations = (
				87A262A023C3BA9400A2CB2E /* Debug */,
				87A262A123C3BA9400A2CB2E /* Release */,
			);
			defaultConfigurationIsVisible = 0;
			defaultConfigurationName = Release;
		};
/* End XCConfigurationList section */
	};
	rootObject = 87A2628323C3BA9200A2CB2E /* Project object */;
}
