// !$*UTF8*$!
{
	archiveVersion = 1;
	classes = {
	};
	objectVersion = 50;
	objects = {

/* Begin PBXBuildFile section */
		8799123E23A7FBBB0033C1E8 /* AppDelegate.swift in Sources */ = {isa = PBXBuildFile; fileRef = 8799123D23A7FBBB0033C1E8 /* AppDelegate.swift */; };
		8799124023A7FBBB0033C1E8 /* SceneDelegate.swift in Sources */ = {isa = PBXBuildFile; fileRef = 8799123F23A7FBBB0033C1E8 /* SceneDelegate.swift */; };
		8799124223A7FBBB0033C1E8 /* ViewController.swift in Sources */ = {isa = PBXBuildFile; fileRef = 8799124123A7FBBB0033C1E8 /* ViewController.swift */; };
		8799124523A7FBBB0033C1E8 /* Main.storyboard in Resources */ = {isa = PBXBuildFile; fileRef = 8799124323A7FBBB0033C1E8 /* Main.storyboard */; };
		8799124723A7FBBC0033C1E8 /* Assets.xcassets in Resources */ = {isa = PBXBuildFile; fileRef = 8799124623A7FBBC0033C1E8 /* Assets.xcassets */; };
		8799124A23A7FBBC0033C1E8 /* LaunchScreen.storyboard in Resources */ = {isa = PBXBuildFile; fileRef = 8799124823A7FBBC0033C1E8 /* LaunchScreen.storyboard */; };
/* End PBXBuildFile section */

/* Begin PBXFileReference section */
		8799123A23A7FBBB0033C1E8 /* LongPress.app */ = {isa = PBXFileReference; explicitFileType = wrapper.application; includeInIndex = 0; path = LongPress.app; sourceTree = BUILT_PRODUCTS_DIR; };
		8799123D23A7FBBB0033C1E8 /* AppDelegate.swift */ = {isa = PBXFileReference; lastKnownFileType = sourcecode.swift; path = AppDelegate.swift; sourceTree = "<group>"; };
		8799123F23A7FBBB0033C1E8 /* SceneDelegate.swift */ = {isa = PBXFileReference; lastKnownFileType = sourcecode.swift; path = SceneDelegate.swift; sourceTree = "<group>"; };
		8799124123A7FBBB0033C1E8 /* ViewController.swift */ = {isa = PBXFileReference; lastKnownFileType = sourcecode.swift; path = ViewController.swift; sourceTree = "<group>"; };
		8799124423A7FBBB0033C1E8 /* Base */ = {isa = PBXFileReference; lastKnownFileType = file.storyboard; name = Base; path = Base.lproj/Main.storyboard; sourceTree = "<group>"; };
		8799124623A7FBBC0033C1E8 /* Assets.xcassets */ = {isa = PBXFileReference; lastKnownFileType = folder.assetcatalog; path = Assets.xcassets; sourceTree = "<group>"; };
		8799124923A7FBBC0033C1E8 /* Base */ = {isa = PBXFileReference; lastKnownFileType = file.storyboard; name = Base; path = Base.lproj/LaunchScreen.storyboard; sourceTree = "<group>"; };
		8799124B23A7FBBC0033C1E8 /* Info.plist */ = {isa = PBXFileReference; lastKnownFileType = text.plist.xml; path = Info.plist; sourceTree = "<group>"; };
/* End PBXFileReference section */

/* Begin PBXFrameworksBuildPhase section */
		8799123723A7FBBB0033C1E8 /* Frameworks */ = {
			isa = PBXFrameworksBuildPhase;
			buildActionMask = 2147483647;
			files = (
			);
			runOnlyForDeploymentPostprocessing = 0;
		};
/* End PBXFrameworksBuildPhase section */

/* Begin PBXGroup section */
		8799123123A7FBBB0033C1E8 = {
			isa = PBXGroup;
			children = (
				8799123C23A7FBBB0033C1E8 /* LongPress */,
				8799123B23A7FBBB0033C1E8 /* Products */,
			);
			sourceTree = "<group>";
		};
		8799123B23A7FBBB0033C1E8 /* Products */ = {
			isa = PBXGroup;
			children = (
				8799123A23A7FBBB0033C1E8 /* LongPress.app */,
			);
			name = Products;
			sourceTree = "<group>";
		};
		8799123C23A7FBBB0033C1E8 /* LongPress */ = {
			isa = PBXGroup;
			children = (
				8799123D23A7FBBB0033C1E8 /* AppDelegate.swift */,
				8799123F23A7FBBB0033C1E8 /* SceneDelegate.swift */,
				8799124123A7FBBB0033C1E8 /* ViewController.swift */,
				8799124323A7FBBB0033C1E8 /* Main.storyboard */,
				8799124623A7FBBC0033C1E8 /* Assets.xcassets */,
				8799124823A7FBBC0033C1E8 /* LaunchScreen.storyboard */,
				8799124B23A7FBBC0033C1E8 /* Info.plist */,
			);
			path = LongPress;
			sourceTree = "<group>";
		};
/* End PBXGroup section */

/* Begin PBXNativeTarget section */
		8799123923A7FBBB0033C1E8 /* LongPress */ = {
			isa = PBXNativeTarget;
			buildConfigurationList = 8799124E23A7FBBC0033C1E8 /* Build configuration list for PBXNativeTarget "LongPress" */;
			buildPhases = (
				8799123623A7FBBB0033C1E8 /* Sources */,
				8799123723A7FBBB0033C1E8 /* Frameworks */,
				8799123823A7FBBB0033C1E8 /* Resources */,
			);
			buildRules = (
			);
			dependencies = (
			);
			name = LongPress;
			productName = LongPress;
			productReference = 8799123A23A7FBBB0033C1E8 /* LongPress.app */;
			productType = "com.apple.product-type.application";
		};
/* End PBXNativeTarget section */

/* Begin PBXProject section */
		8799123223A7FBBB0033C1E8 /* Project object */ = {
			isa = PBXProject;
			attributes = {
				LastSwiftUpdateCheck = 1120;
				LastUpgradeCheck = 1120;
				ORGANIZATIONNAME = "Jeffrey Schroeder";
				TargetAttributes = {
					8799123923A7FBBB0033C1E8 = {
						CreatedOnToolsVersion = 11.2;
					};
				};
			};
			buildConfigurationList = 8799123523A7FBBB0033C1E8 /* Build configuration list for PBXProject "LongPress" */;
			compatibilityVersion = "Xcode 9.3";
			developmentRegion = en;
			hasScannedForEncodings = 0;
			knownRegions = (
				en,
				Base,
			);
			mainGroup = 8799123123A7FBBB0033C1E8;
			productRefGroup = 8799123B23A7FBBB0033C1E8 /* Products */;
			projectDirPath = "";
			projectRoot = "";
			targets = (
				8799123923A7FBBB0033C1E8 /* LongPress */,
			);
		};
/* End PBXProject section */

/* Begin PBXResourcesBuildPhase section */
		8799123823A7FBBB0033C1E8 /* Resources */ = {
			isa = PBXResourcesBuildPhase;
			buildActionMask = 2147483647;
			files = (
				8799124A23A7FBBC0033C1E8 /* LaunchScreen.storyboard in Resources */,
				8799124723A7FBBC0033C1E8 /* Assets.xcassets in Resources */,
				8799124523A7FBBB0033C1E8 /* Main.storyboard in Resources */,
			);
			runOnlyForDeploymentPostprocessing = 0;
		};
/* End PBXResourcesBuildPhase section */

/* Begin PBXSourcesBuildPhase section */
		8799123623A7FBBB0033C1E8 /* Sources */ = {
			isa = PBXSourcesBuildPhase;
			buildActionMask = 2147483647;
			files = (
				8799124223A7FBBB0033C1E8 /* ViewController.swift in Sources */,
				8799123E23A7FBBB0033C1E8 /* AppDelegate.swift in Sources */,
				8799124023A7FBBB0033C1E8 /* SceneDelegate.swift in Sources */,
			);
			runOnlyForDeploymentPostprocessing = 0;
		};
/* End PBXSourcesBuildPhase section */

/* Begin PBXVariantGroup section */
		8799124323A7FBBB0033C1E8 /* Main.storyboard */ = {
			isa = PBXVariantGroup;
			children = (
				8799124423A7FBBB0033C1E8 /* Base */,
			);
			name = Main.storyboard;
			sourceTree = "<group>";
		};
		8799124823A7FBBC0033C1E8 /* LaunchScreen.storyboard */ = {
			isa = PBXVariantGroup;
			children = (
				8799124923A7FBBC0033C1E8 /* Base */,
			);
			name = LaunchScreen.storyboard;
			sourceTree = "<group>";
		};
/* End PBXVariantGroup section */

/* Begin XCBuildConfiguration section */
		8799124C23A7FBBC0033C1E8 /* Debug */ = {
			isa = XCBuildConfiguration;
			buildSettings = {
				ALWAYS_SEARCH_USER_PATHS = NO;
				CLANG_ANALYZER_NONNULL = YES;
				CLANG_ANALYZER_NUMBER_OBJECT_CONVERSION = YES_AGGRESSIVE;
				CLANG_CXX_LANGUAGE_STANDARD = "gnu++14";
				CLANG_CXX_LIBRARY = "libc++";
				CLANG_ENABLE_MODULES = YES;
				CLANG_ENABLE_OBJC_ARC = YES;
				CLANG_ENABLE_OBJC_WEAK = YES;
				CLANG_WARN_BLOCK_CAPTURE_AUTORELEASING = YES;
				CLANG_WARN_BOOL_CONVERSION = YES;
				CLANG_WARN_COMMA = YES;
				CLANG_WARN_CONSTANT_CONVERSION = YES;
				CLANG_WARN_DEPRECATED_OBJC_IMPLEMENTATIONS = YES;
				CLANG_WARN_DIRECT_OBJC_ISA_USAGE = YES_ERROR;
				CLANG_WARN_DOCUMENTATION_COMMENTS = YES;
				CLANG_WARN_EMPTY_BODY = YES;
				CLANG_WARN_ENUM_CONVERSION = YES;
				CLANG_WARN_INFINITE_RECURSION = YES;
				CLANG_WARN_INT_CONVERSION = YES;
				CLANG_WARN_NON_LITERAL_NULL_CONVERSION = YES;
				CLANG_WARN_OBJC_IMPLICIT_RETAIN_SELF = YES;
				CLANG_WARN_OBJC_LITERAL_CONVERSION = YES;
				CLANG_WARN_OBJC_ROOT_CLASS = YES_ERROR;
				CLANG_WARN_RANGE_LOOP_ANALYSIS = YES;
				CLANG_WARN_STRICT_PROTOTYPES = YES;
				CLANG_WARN_SUSPICIOUS_MOVE = YES;
				CLANG_WARN_UNGUARDED_AVAILABILITY = YES_AGGRESSIVE;
				CLANG_WARN_UNREACHABLE_CODE = YES;
				CLANG_WARN__DUPLICATE_METHOD_MATCH = YES;
				COPY_PHASE_STRIP = NO;
				DEBUG_INFORMATION_FORMAT = dwarf;
				ENABLE_STRICT_OBJC_MSGSEND = YES;
				ENABLE_TESTABILITY = YES;
				GCC_C_LANGUAGE_STANDARD = gnu11;
				GCC_DYNAMIC_NO_PIC = NO;
				GCC_NO_COMMON_BLOCKS = YES;
				GCC_OPTIMIZATION_LEVEL = 0;
				GCC_PREPROCESSOR_DEFINITIONS = (
					"DEBUG=1",
					"$(inherited)",
				);
				GCC_WARN_64_TO_32_BIT_CONVERSION = YES;
				GCC_WARN_ABOUT_RETURN_TYPE = YES_ERROR;
				GCC_WARN_UNDECLARED_SELECTOR = YES;
				GCC_WARN_UNINITIALIZED_AUTOS = YES_AGGRESSIVE;
				GCC_WARN_UNUSED_FUNCTION = YES;
				GCC_WARN_UNUSED_VARIABLE = YES;
				IPHONEOS_DEPLOYMENT_TARGET = 13.2;
				MTL_ENABLE_DEBUG_INFO = INCLUDE_SOURCE;
				MTL_FAST_MATH = YES;
				ONLY_ACTIVE_ARCH = YES;
				SDKROOT = iphoneos;
				SWIFT_ACTIVE_COMPILATION_CONDITIONS = DEBUG;
				SWIFT_OPTIMIZATION_LEVEL = "-Onone";
			};
			name = Debug;
		};
		8799124D23A7FBBC0033C1E8 /* Release */ = {
			isa = XCBuildConfiguration;
			buildSettings = {
				ALWAYS_SEARCH_USER_PATHS = NO;
				CLANG_ANALYZER_NONNULL = YES;
				CLANG_ANALYZER_NUMBER_OBJECT_CONVERSION = YES_AGGRESSIVE;
				CLANG_CXX_LANGUAGE_STANDARD = "gnu++14";
				CLANG_CXX_LIBRARY = "libc++";
				CLANG_ENABLE_MODULES = YES;
				CLANG_ENABLE_OBJC_ARC = YES;
				CLANG_ENABLE_OBJC_WEAK = YES;
				CLANG_WARN_BLOCK_CAPTURE_AUTORELEASING = YES;
				CLANG_WARN_BOOL_CONVERSION = YES;
				CLANG_WARN_COMMA = YES;
				CLANG_WARN_CONSTANT_CONVERSION = YES;
				CLANG_WARN_DEPRECATED_OBJC_IMPLEMENTATIONS = YES;
				CLANG_WARN_DIRECT_OBJC_ISA_USAGE = YES_ERROR;
				CLANG_WARN_DOCUMENTATION_COMMENTS = YES;
				CLANG_WARN_EMPTY_BODY = YES;
				CLANG_WARN_ENUM_CONVERSION = YES;
				CLANG_WARN_INFINITE_RECURSION = YES;
				CLANG_WARN_INT_CONVERSION = YES;
				CLANG_WARN_NON_LITERAL_NULL_CONVERSION = YES;
				CLANG_WARN_OBJC_IMPLICIT_RETAIN_SELF = YES;
				CLANG_WARN_OBJC_LITERAL_CONVERSION = YES;
				CLANG_WARN_OBJC_ROOT_CLASS = YES_ERROR;
				CLANG_WARN_RANGE_LOOP_ANALYSIS = YES;
				CLANG_WARN_STRICT_PROTOTYPES = YES;
				CLANG_WARN_SUSPICIOUS_MOVE = YES;
				CLANG_WARN_UNGUARDED_AVAILABILITY = YES_AGGRESSIVE;
				CLANG_WARN_UNREACHABLE_CODE = YES;
				CLANG_WARN__DUPLICATE_METHOD_MATCH = YES;
				COPY_PHASE_STRIP = NO;
				DEBUG_INFORMATION_FORMAT = "dwarf-with-dsym";
				ENABLE_NS_ASSERTIONS = NO;
				ENABLE_STRICT_OBJC_MSGSEND = YES;
				GCC_C_LANGUAGE_STANDARD = gnu11;
				GCC_NO_COMMON_BLOCKS = YES;
				GCC_WARN_64_TO_32_BIT_CONVERSION = YES;
				GCC_WARN_ABOUT_RETURN_TYPE = YES_ERROR;
				GCC_WARN_UNDECLARED_SELECTOR = YES;
				GCC_WARN_UNINITIALIZED_AUTOS = YES_AGGRESSIVE;
				GCC_WARN_UNUSED_FUNCTION = YES;
				GCC_WARN_UNUSED_VARIABLE = YES;
				IPHONEOS_DEPLOYMENT_TARGET = 13.2;
				MTL_ENABLE_DEBUG_INFO = NO;
				MTL_FAST_MATH = YES;
				SDKROOT = iphoneos;
				SWIFT_COMPILATION_MODE = wholemodule;
				SWIFT_OPTIMIZATION_LEVEL = "-O";
				VALIDATE_PRODUCT = YES;
			};
			name = Release;
		};
		8799124F23A7FBBC0033C1E8 /* Debug */ = {
			isa = XCBuildConfiguration;
			buildSettings = {
				ASSETCATALOG_COMPILER_APPICON_NAME = AppIcon;
				CODE_SIGN_STYLE = Automatic;
				DEVELOPMENT_TEAM = B78V78G4EU;
				INFOPLIST_FILE = LongPress/Info.plist;
				LD_RUNPATH_SEARCH_PATHS = (
					"$(inherited)",
					"@executable_path/Frameworks",
				);
				PRODUCT_BUNDLE_IDENTIFIER = com.xyz.LongPress;
				PRODUCT_NAME = "$(TARGET_NAME)";
				SWIFT_VERSION = 5.0;
				TARGETED_DEVICE_FAMILY = "1,2";
			};
			name = Debug;
		};
		8799125023A7FBBC0033C1E8 /* Release */ = {
			isa = XCBuildConfiguration;
			buildSettings = {
				ASSETCATALOG_COMPILER_APPICON_NAME = AppIcon;
				CODE_SIGN_STYLE = Automatic;
				DEVELOPMENT_TEAM = B78V78G4EU;
				INFOPLIST_FILE = LongPress/Info.plist;
				LD_RUNPATH_SEARCH_PATHS = (
					"$(inherited)",
					"@executable_path/Frameworks",
				);
				PRODUCT_BUNDLE_IDENTIFIER = com.xyz.LongPress;
				PRODUCT_NAME = "$(TARGET_NAME)";
				SWIFT_VERSION = 5.0;
				TARGETED_DEVICE_FAMILY = "1,2";
			};
			name = Release;
		};
/* End XCBuildConfiguration section */

/* Begin XCConfigurationList section */
		8799123523A7FBBB0033C1E8 /* Build configuration list for PBXProject "LongPress" */ = {
			isa = XCConfigurationList;
			buildConfigurations = (
				8799124C23A7FBBC0033C1E8 /* Debug */,
				8799124D23A7FBBC0033C1E8 /* Release */,
			);
			defaultConfigurationIsVisible = 0;
			defaultConfigurationName = Release;
		};
		8799124E23A7FBBC0033C1E8 /* Build configuration list for PBXNativeTarget "LongPress" */ = {
			isa = XCConfigurationList;
			buildConfigurations = (
				8799124F23A7FBBC0033C1E8 /* Debug */,
				8799125023A7FBBC0033C1E8 /* Release */,
			);
			defaultConfigurationIsVisible = 0;
			defaultConfigurationName = Release;
		};
/* End XCConfigurationList section */
	};
	rootObject = 8799123223A7FBBB0033C1E8 /* Project object */;
}
